
Microsoft Visual Studio Solution File, Format Version 12.00
# Visual Studio 15
VisualStudioVersion = 15.0.28307.539
MinimumVisualStudioVersion = 10.0.40219.1
Project("{FAE04EC0-301F-11D3-BF4B-00C04F79EFBC}") = "ModuleDZGame1", "ModuleDZGame1\ModuleDZGame1.csproj", "{3E14B7A5-5D4C-4C37-B61F-717F93C46C28}"
EndProject
Global
	GlobalSection(SolutionConfigurationPlatforms) = preSolution
		Debug|Any CPU = Debug|Any CPU
		Release|Any CPU = Release|Any CPU
	EndGlobalSection
	GlobalSection(ProjectConfigurationPlatforms) = postSolution
		{3E14B7A5-5D4C-4C37-B61F-717F93C46C28}.Debug|Any CPU.ActiveCfg = Debug|Any CPU
		{3E14B7A5-5D4C-4C37-B61F-717F93C46C28}.Debug|Any CPU.Build.0 = Debug|Any CPU
		{3E14B7A5-5D4C-4C37-B61F-717F93C46C28}.Release|Any CPU.ActiveCfg = Release|Any CPU
		{3E14B7A5-5D4C-4C37-B61F-717F93C46C28}.Release|Any CPU.Build.0 = Release|Any CPU
	EndGlobalSection
	GlobalSection(SolutionProperties) = preSolution
		HideSolutionNode = FALSE
	EndGlobalSection
	GlobalSection(ExtensibilityGlobals) = postSolution
		SolutionGuid = {52CB52F2-A807-4F7A-9E80-88A65B7DCEA3}
	EndGlobalSection
EndGlobal
